
Microsoft Visual Studio Solution File, Format Version 12.00
# Visual Studio Version 17
VisualStudioVersion = 17.3.32901.215
MinimumVisualStudioVersion = 10.0.40219.1
Project("{FAE04EC0-301F-11D3-BF4B-00C04F79EFBC}") = "ASP_busstation", "ASP_busstation\ASP_busstation.csproj", "{10720AB9-6150-4B72-B389-E68D4DD7E495}"
EndProject
Global
	GlobalSection(SolutionConfigurationPlatforms) = preSolution
		Debug|Any CPU = Debug|Any CPU
		Release|Any CPU = Release|Any CPU
	EndGlobalSection
	GlobalSection(ProjectConfigurationPlatforms) = postSolution
		{10720AB9-6150-4B72-B389-E68D4DD7E495}.Debug|Any CPU.ActiveCfg = Debug|Any CPU
		{10720AB9-6150-4B72-B389-E68D4DD7E495}.Debug|Any CPU.Build.0 = Debug|Any CPU
		{10720AB9-6150-4B72-B389-E68D4DD7E495}.Release|Any CPU.ActiveCfg = Release|Any CPU
		{10720AB9-6150-4B72-B389-E68D4DD7E495}.Release|Any CPU.Build.0 = Release|Any CPU
	EndGlobalSection
	GlobalSection(SolutionProperties) = preSolution
		HideSolutionNode = FALSE
	EndGlobalSection
	GlobalSection(ExtensibilityGlobals) = postSolution
		SolutionGuid = {621BE07F-85A5-433B-A346-B6F4E49E4396}
	EndGlobalSection
EndGlobal
